
Microsoft Visual Studio Solution File, Format Version 12.00
# Visual Studio 14
VisualStudioVersion = 14.0.25420.1
MinimumVisualStudioVersion = 10.0.40219.1
Project("{FAE04EC0-301F-11D3-BF4B-00C04F79EFBC}") = "BoardApplicationBusinessLogic", "BoardApplicationBusinessLogic\BoardApplicationBusinessLogic.csproj", "{911CC5F0-ADF3-4EE9-B0D1-F72AFC13CCE9}"
EndProject
Project("{FAE04EC0-301F-11D3-BF4B-00C04F79EFBC}") = "BoardApplicationTest", "BoardApplicationTest\BoardApplicationTest.csproj", "{F90875DB-802D-4433-89E2-7106ACC698AA}"
EndProject
Project("{FAE04EC0-301F-11D3-BF4B-00C04F79EFBC}") = "BoardApplicationFacade", "Facade\BoardApplicationFacade.csproj", "{C4EA4C87-FE83-45FB-AC3B-63E90F2C57A2}"
EndProject
Project("{FAE04EC0-301F-11D3-BF4B-00C04F79EFBC}") = "BoardApplicationUI", "WindowsFormsApplication1\BoardApplicationUI.csproj", "{C10EC3B2-DCD7-4E49-A9AE-9296B9B9CF6D}"
EndProject
Global
	GlobalSection(SolutionConfigurationPlatforms) = preSolution
		Debug|Any CPU = Debug|Any CPU
		Release|Any CPU = Release|Any CPU
	EndGlobalSection
	GlobalSection(ProjectConfigurationPlatforms) = postSolution
		{911CC5F0-ADF3-4EE9-B0D1-F72AFC13CCE9}.Debug|Any CPU.ActiveCfg = Debug|Any CPU
		{911CC5F0-ADF3-4EE9-B0D1-F72AFC13CCE9}.Debug|Any CPU.Build.0 = Debug|Any CPU
		{911CC5F0-ADF3-4EE9-B0D1-F72AFC13CCE9}.Release|Any CPU.ActiveCfg = Release|Any CPU
		{911CC5F0-ADF3-4EE9-B0D1-F72AFC13CCE9}.Release|Any CPU.Build.0 = Release|Any CPU
		{F90875DB-802D-4433-89E2-7106ACC698AA}.Debug|Any CPU.ActiveCfg = Debug|Any CPU
		{F90875DB-802D-4433-89E2-7106ACC698AA}.Debug|Any CPU.Build.0 = Debug|Any CPU
		{F90875DB-802D-4433-89E2-7106ACC698AA}.Release|Any CPU.ActiveCfg = Release|Any CPU
		{F90875DB-802D-4433-89E2-7106ACC698AA}.Release|Any CPU.Build.0 = Release|Any CPU
		{C4EA4C87-FE83-45FB-AC3B-63E90F2C57A2}.Debug|Any CPU.ActiveCfg = Debug|Any CPU
		{C4EA4C87-FE83-45FB-AC3B-63E90F2C57A2}.Debug|Any CPU.Build.0 = Debug|Any CPU
		{C4EA4C87-FE83-45FB-AC3B-63E90F2C57A2}.Release|Any CPU.ActiveCfg = Release|Any CPU
		{C4EA4C87-FE83-45FB-AC3B-63E90F2C57A2}.Release|Any CPU.Build.0 = Release|Any CPU
		{C10EC3B2-DCD7-4E49-A9AE-9296B9B9CF6D}.Debug|Any CPU.ActiveCfg = Debug|Any CPU
		{C10EC3B2-DCD7-4E49-A9AE-9296B9B9CF6D}.Debug|Any CPU.Build.0 = Debug|Any CPU
		{C10EC3B2-DCD7-4E49-A9AE-9296B9B9CF6D}.Release|Any CPU.ActiveCfg = Release|Any CPU
		{C10EC3B2-DCD7-4E49-A9AE-9296B9B9CF6D}.Release|Any CPU.Build.0 = Release|Any CPU
	EndGlobalSection
	GlobalSection(SolutionProperties) = preSolution
		HideSolutionNode = FALSE
	EndGlobalSection
EndGlobal
